// !$*UTF8*$!
{
	archiveVersion = 1;
	classes = {
	};
	objectVersion = 56;
	objects = {

/* Begin PBXBuildFile section */
		E96CB1612A7EB12200C4FEDD /* AppDelegate.swift in Sources */ = {isa = PBXBuildFile; fileRef = E96CB1602A7EB12200C4FEDD /* AppDelegate.swift */; };
		E96CB1632A7EB12200C4FEDD /* SceneDelegate.swift in Sources */ = {isa = PBXBuildFile; fileRef = E96CB1622A7EB12200C4FEDD /* SceneDelegate.swift */; };
		E96CB1652A7EB12200C4FEDD /* ViewController.swift in Sources */ = {isa = PBXBuildFile; fileRef = E96CB1642A7EB12200C4FEDD /* ViewController.swift */; };
		E96CB1682A7EB12200C4FEDD /* Main.storyboard in Resources */ = {isa = PBXBuildFile; fileRef = E96CB1662A7EB12200C4FEDD /* Main.storyboard */; };
		E96CB16B2A7EB12200C4FEDD /* UrlHW.xcdatamodeld in Sources */ = {isa = PBXBuildFile; fileRef = E96CB1692A7EB12200C4FEDD /* UrlHW.xcdatamodeld */; };
		E96CB16D2A7EB12300C4FEDD /* Assets.xcassets in Resources */ = {isa = PBXBuildFile; fileRef = E96CB16C2A7EB12300C4FEDD /* Assets.xcassets */; };
		E96CB1702A7EB12300C4FEDD /* LaunchScreen.storyboard in Resources */ = {isa = PBXBuildFile; fileRef = E96CB16E2A7EB12300C4FEDD /* LaunchScreen.storyboard */; };
/* End PBXBuildFile section */

/* Begin PBXFileReference section */
		E96CB15D2A7EB12200C4FEDD /* UrlHW.app */ = {isa = PBXFileReference; explicitFileType = wrapper.application; includeInIndex = 0; path = UrlHW.app; sourceTree = BUILT_PRODUCTS_DIR; };
		E96CB1602A7EB12200C4FEDD /* AppDelegate.swift */ = {isa = PBXFileReference; lastKnownFileType = sourcecode.swift; path = AppDelegate.swift; sourceTree = "<group>"; };
		E96CB1622A7EB12200C4FEDD /* SceneDelegate.swift */ = {isa = PBXFileReference; lastKnownFileType = sourcecode.swift; path = SceneDelegate.swift; sourceTree = "<group>"; };
		E96CB1642A7EB12200C4FEDD /* ViewController.swift */ = {isa = PBXFileReference; lastKnownFileType = sourcecode.swift; path = ViewController.swift; sourceTree = "<group>"; };
		E96CB1672A7EB12200C4FEDD /* Base */ = {isa = PBXFileReference; lastKnownFileType = file.storyboard; name = Base; path = Base.lproj/Main.storyboard; sourceTree = "<group>"; };
		E96CB16A2A7EB12200C4FEDD /* UrlHW.xcdatamodel */ = {isa = PBXFileReference; lastKnownFileType = wrapper.xcdatamodel; path = UrlHW.xcdatamodel; sourceTree = "<group>"; };
		E96CB16C2A7EB12300C4FEDD /* Assets.xcassets */ = {isa = PBXFileReference; lastKnownFileType = folder.assetcatalog; path = Assets.xcassets; sourceTree = "<group>"; };
		E96CB16F2A7EB12300C4FEDD /* Base */ = {isa = PBXFileReference; lastKnownFileType = file.storyboard; name = Base; path = Base.lproj/LaunchScreen.storyboard; sourceTree = "<group>"; };
		E96CB1712A7EB12300C4FEDD /* Info.plist */ = {isa = PBXFileReference; lastKnownFileType = text.plist.xml; path = Info.plist; sourceTree = "<group>"; };
/* End PBXFileReference section */

/* Begin PBXFrameworksBuildPhase section */
		E96CB15A2A7EB12200C4FEDD /* Frameworks */ = {
			isa = PBXFrameworksBuildPhase;
			buildActionMask = 2147483647;
			files = (
			);
			runOnlyForDeploymentPostprocessing = 0;
		};
/* End PBXFrameworksBuildPhase section */

/* Begin PBXGroup section */
		E96CB1542A7EB12100C4FEDD = {
			isa = PBXGroup;
			children = (
				E96CB15F2A7EB12200C4FEDD /* UrlHW */,
				E96CB15E2A7EB12200C4FEDD /* Products */,
			);
			sourceTree = "<group>";
		};
		E96CB15E2A7EB12200C4FEDD /* Products */ = {
			isa = PBXGroup;
			children = (
				E96CB15D2A7EB12200C4FEDD /* UrlHW.app */,
			);
			name = Products;
			sourceTree = "<group>";
		};
		E96CB15F2A7EB12200C4FEDD /* UrlHW */ = {
			isa = PBXGroup;
			children = (
				E96CB1602A7EB12200C4FEDD /* AppDelegate.swift */,
				E96CB1622A7EB12200C4FEDD /* SceneDelegate.swift */,
				E96CB1642A7EB12200C4FEDD /* ViewController.swift */,
				E96CB1662A7EB12200C4FEDD /* Main.storyboard */,
				E96CB16C2A7EB12300C4FEDD /* Assets.xcassets */,
				E96CB16E2A7EB12300C4FEDD /* LaunchScreen.storyboard */,
				E96CB1712A7EB12300C4FEDD /* Info.plist */,
				E96CB1692A7EB12200C4FEDD /* UrlHW.xcdatamodeld */,
			);
			path = UrlHW;
			sourceTree = "<group>";
		};
/* End PBXGroup section */

/* Begin PBXNativeTarget section */
		E96CB15C2A7EB12200C4FEDD /* UrlHW */ = {
			isa = PBXNativeTarget;
			buildConfigurationList = E96CB1742A7EB12300C4FEDD /* Build configuration list for PBXNativeTarget "UrlHW" */;
			buildPhases = (
				E96CB1592A7EB12200C4FEDD /* Sources */,
				E96CB15A2A7EB12200C4FEDD /* Frameworks */,
				E96CB15B2A7EB12200C4FEDD /* Resources */,
			);
			buildRules = (
			);
			dependencies = (
			);
			name = UrlHW;
			productName = UrlHW;
			productReference = E96CB15D2A7EB12200C4FEDD /* UrlHW.app */;
			productType = "com.apple.product-type.application";
		};
/* End PBXNativeTarget section */

/* Begin PBXProject section */
		E96CB1552A7EB12100C4FEDD /* Project object */ = {
			isa = PBXProject;
			attributes = {
				BuildIndependentTargetsInParallel = 1;
				LastSwiftUpdateCheck = 1430;
				LastUpgradeCheck = 1430;
				TargetAttributes = {
					E96CB15C2A7EB12200C4FEDD = {
						CreatedOnToolsVersion = 14.3;
					};
				};
			};
			buildConfigurationList = E96CB1582A7EB12100C4FEDD /* Build configuration list for PBXProject "UrlHW" */;
			compatibilityVersion = "Xcode 14.0";
			developmentRegion = en;
			hasScannedForEncodings = 0;
			knownRegions = (
				en,
				Base,
			);
			mainGroup = E96CB1542A7EB12100C4FEDD;
			productRefGroup = E96CB15E2A7EB12200C4FEDD /* Products */;
			projectDirPath = "";
			projectRoot = "";
			targets = (
				E96CB15C2A7EB12200C4FEDD /* UrlHW */,
			);
		};
/* End PBXProject section */

/* Begin PBXResourcesBuildPhase section */
		E96CB15B2A7EB12200C4FEDD /* Resources */ = {
			isa = PBXResourcesBuildPhase;
			buildActionMask = 2147483647;
			files = (
				E96CB1702A7EB12300C4FEDD /* LaunchScreen.storyboard in Resources */,
				E96CB16D2A7EB12300C4FEDD /* Assets.xcassets in Resources */,
				E96CB1682A7EB12200C4FEDD /* Main.storyboard in Resources */,
			);
			runOnlyForDeploymentPostprocessing = 0;
		};
/* End PBXResourcesBuildPhase section */

/* Begin PBXSourcesBuildPhase section */
		E96CB1592A7EB12200C4FEDD /* Sources */ = {
			isa = PBXSourcesBuildPhase;
			buildActionMask = 2147483647;
			files = (
				E96CB16B2A7EB12200C4FEDD /* UrlHW.xcdatamodeld in Sources */,
				E96CB1652A7EB12200C4FEDD /* ViewController.swift in Sources */,
				E96CB1612A7EB12200C4FEDD /* AppDelegate.swift in Sources */,
				E96CB1632A7EB12200C4FEDD /* SceneDelegate.swift in Sources */,
			);
			runOnlyForDeploymentPostprocessing = 0;
		};
/* End PBXSourcesBuildPhase section */

/* Begin PBXVariantGroup section */
		E96CB1662A7EB12200C4FEDD /* Main.storyboard */ = {
			isa = PBXVariantGroup;
			children = (
				E96CB1672A7EB12200C4FEDD /* Base */,
			);
			name = Main.storyboard;
			sourceTree = "<group>";
		};
		E96CB16E2A7EB12300C4FEDD /* LaunchScreen.storyboard */ = {
			isa = PBXVariantGroup;
			children = (
				E96CB16F2A7EB12300C4FEDD /* Base */,
			);
			name = LaunchScreen.storyboard;
			sourceTree = "<group>";
		};
/* End PBXVariantGroup section */

/* Begin XCBuildConfiguration section */
		E96CB1722A7EB12300C4FEDD /* Debug */ = {
			isa = XCBuildConfiguration;
			buildSettings = {
				ALWAYS_SEARCH_USER_PATHS = NO;
				CLANG_ANALYZER_NONNULL = YES;
				CLANG_ANALYZER_NUMBER_OBJECT_CONVERSION = YES_AGGRESSIVE;
				CLANG_CXX_LANGUAGE_STANDARD = "gnu++20";
				CLANG_ENABLE_MODULES = YES;
				CLANG_ENABLE_OBJC_ARC = YES;
				CLANG_ENABLE_OBJC_WEAK = YES;
				CLANG_WARN_BLOCK_CAPTURE_AUTORELEASING = YES;
				CLANG_WARN_BOOL_CONVERSION = YES;
				CLANG_WARN_COMMA = YES;
				CLANG_WARN_CONSTANT_CONVERSION = YES;
				CLANG_WARN_DEPRECATED_OBJC_IMPLEMENTATIONS = YES;
				CLANG_WARN_DIRECT_OBJC_ISA_USAGE = YES_ERROR;
				CLANG_WARN_DOCUMENTATION_COMMENTS = YES;
				CLANG_WARN_EMPTY_BODY = YES;
				CLANG_WARN_ENUM_CONVERSION = YES;
				CLANG_WARN_INFINITE_RECURSION = YES;
				CLANG_WARN_INT_CONVERSION = YES;
				CLANG_WARN_NON_LITERAL_NULL_CONVERSION = YES;
				CLANG_WARN_OBJC_IMPLICIT_RETAIN_SELF = YES;
				CLANG_WARN_OBJC_LITERAL_CONVERSION = YES;
				CLANG_WARN_OBJC_ROOT_CLASS = YES_ERROR;
				CLANG_WARN_QUOTED_INCLUDE_IN_FRAMEWORK_HEADER = YES;
				CLANG_WARN_RANGE_LOOP_ANALYSIS = YES;
				CLANG_WARN_STRICT_PROTOTYPES = YES;
				CLANG_WARN_SUSPICIOUS_MOVE = YES;
				CLANG_WARN_UNGUARDED_AVAILABILITY = YES_AGGRESSIVE;
				CLANG_WARN_UNREACHABLE_CODE = YES;
				CLANG_WARN__DUPLICATE_METHOD_MATCH = YES;
				COPY_PHASE_STRIP = NO;
				DEBUG_INFORMATION_FORMAT = dwarf;
				ENABLE_STRICT_OBJC_MSGSEND = YES;
				ENABLE_TESTABILITY = YES;
				GCC_C_LANGUAGE_STANDARD = gnu11;
				GCC_DYNAMIC_NO_PIC = NO;
				GCC_NO_COMMON_BLOCKS = YES;
				GCC_OPTIMIZATION_LEVEL = 0;
				GCC_PREPROCESSOR_DEFINITIONS = (
					"DEBUG=1",
					"$(inherited)",
				);
				GCC_WARN_64_TO_32_BIT_CONVERSION = YES;
				GCC_WARN_ABOUT_RETURN_TYPE = YES_ERROR;
				GCC_WARN_UNDECLARED_SELECTOR = YES;
				GCC_WARN_UNINITIALIZED_AUTOS = YES_AGGRESSIVE;
				GCC_WARN_UNUSED_FUNCTION = YES;
				GCC_WARN_UNUSED_VARIABLE = YES;
				IPHONEOS_DEPLOYMENT_TARGET = 16.4;
				MTL_ENABLE_DEBUG_INFO = INCLUDE_SOURCE;
				MTL_FAST_MATH = YES;
				ONLY_ACTIVE_ARCH = YES;
				SDKROOT = iphoneos;
				SWIFT_ACTIVE_COMPILATION_CONDITIONS = DEBUG;
				SWIFT_OPTIMIZATION_LEVEL = "-Onone";
			};
			name = Debug;
		};
		E96CB1732A7EB12300C4FEDD /* Release */ = {
			isa = XCBuildConfiguration;
			buildSettings = {
				ALWAYS_SEARCH_USER_PATHS = NO;
				CLANG_ANALYZER_NONNULL = YES;
				CLANG_ANALYZER_NUMBER_OBJECT_CONVERSION = YES_AGGRESSIVE;
				CLANG_CXX_LANGUAGE_STANDARD = "gnu++20";
				CLANG_ENABLE_MODULES = YES;
				CLANG_ENABLE_OBJC_ARC = YES;
				CLANG_ENABLE_OBJC_WEAK = YES;
				CLANG_WARN_BLOCK_CAPTURE_AUTORELEASING = YES;
				CLANG_WARN_BOOL_CONVERSION = YES;
				CLANG_WARN_COMMA = YES;
				CLANG_WARN_CONSTANT_CONVERSION = YES;
				CLANG_WARN_DEPRECATED_OBJC_IMPLEMENTATIONS = YES;
				CLANG_WARN_DIRECT_OBJC_ISA_USAGE = YES_ERROR;
				CLANG_WARN_DOCUMENTATION_COMMENTS = YES;
				CLANG_WARN_EMPTY_BODY = YES;
				CLANG_WARN_ENUM_CONVERSION = YES;
				CLANG_WARN_INFINITE_RECURSION = YES;
				CLANG_WARN_INT_CONVERSION = YES;
				CLANG_WARN_NON_LITERAL_NULL_CONVERSION = YES;
				CLANG_WARN_OBJC_IMPLICIT_RETAIN_SELF = YES;
				CLANG_WARN_OBJC_LITERAL_CONVERSION = YES;
				CLANG_WARN_OBJC_ROOT_CLASS = YES_ERROR;
				CLANG_WARN_QUOTED_INCLUDE_IN_FRAMEWORK_HEADER = YES;
				CLANG_WARN_RANGE_LOOP_ANALYSIS = YES;
				CLANG_WARN_STRICT_PROTOTYPES = YES;
				CLANG_WARN_SUSPICIOUS_MOVE = YES;
				CLANG_WARN_UNGUARDED_AVAILABILITY = YES_AGGRESSIVE;
				CLANG_WARN_UNREACHABLE_CODE = YES;
				CLANG_WARN__DUPLICATE_METHOD_MATCH = YES;
				COPY_PHASE_STRIP = NO;
				DEBUG_INFORMATION_FORMAT = "dwarf-with-dsym";
				ENABLE_NS_ASSERTIONS = NO;
				ENABLE_STRICT_OBJC_MSGSEND = YES;
				GCC_C_LANGUAGE_STANDARD = gnu11;
				GCC_NO_COMMON_BLOCKS = YES;
				GCC_WARN_64_TO_32_BIT_CONVERSION = YES;
				GCC_WARN_ABOUT_RETURN_TYPE = YES_ERROR;
				GCC_WARN_UNDECLARED_SELECTOR = YES;
				GCC_WARN_UNINITIALIZED_AUTOS = YES_AGGRESSIVE;
				GCC_WARN_UNUSED_FUNCTION = YES;
				GCC_WARN_UNUSED_VARIABLE = YES;
				IPHONEOS_DEPLOYMENT_TARGET = 16.4;
				MTL_ENABLE_DEBUG_INFO = NO;
				MTL_FAST_MATH = YES;
				SDKROOT = iphoneos;
				SWIFT_COMPILATION_MODE = wholemodule;
				SWIFT_OPTIMIZATION_LEVEL = "-O";
				VALIDATE_PRODUCT = YES;
			};
			name = Release;
		};
		E96CB1752A7EB12300C4FEDD /* Debug */ = {
			isa = XCBuildConfiguration;
			buildSettings = {
				ASSETCATALOG_COMPILER_APPICON_NAME = AppIcon;
				ASSETCATALOG_COMPILER_GLOBAL_ACCENT_COLOR_NAME = AccentColor;
				CODE_SIGN_STYLE = Automatic;
				CURRENT_PROJECT_VERSION = 1;
				DEVELOPMENT_TEAM = Z4JT48W22P;
				GENERATE_INFOPLIST_FILE = YES;
				INFOPLIST_FILE = UrlHW/Info.plist;
				INFOPLIST_KEY_UIApplicationSupportsIndirectInputEvents = YES;
				INFOPLIST_KEY_UILaunchStoryboardName = LaunchScreen;
				INFOPLIST_KEY_UIMainStoryboardFile = Main;
				INFOPLIST_KEY_UISupportedInterfaceOrientations = UIInterfaceOrientationPortrait;
				INFOPLIST_KEY_UISupportedInterfaceOrientations_iPad = "UIInterfaceOrientationLandscapeLeft UIInterfaceOrientationLandscapeRight UIInterfaceOrientationPortrait UIInterfaceOrientationPortraitUpsideDown";
				IPHONEOS_DEPLOYMENT_TARGET = 15.0;
				LD_RUNPATH_SEARCH_PATHS = (
					"$(inherited)",
					"@executable_path/Frameworks",
				);
				MARKETING_VERSION = 1.0;
				PRODUCT_BUNDLE_IDENTIFIER = TheGoodTheBadTheJun.UrlHW;
				PRODUCT_NAME = "$(TARGET_NAME)";
				SUPPORTED_PLATFORMS = "iphoneos iphonesimulator";
				SUPPORTS_MACCATALYST = NO;
				SUPPORTS_MAC_DESIGNED_FOR_IPHONE_IPAD = NO;
				SWIFT_EMIT_LOC_STRINGS = YES;
				SWIFT_VERSION = 5.0;
				TARGETED_DEVICE_FAMILY = 1;
			};
			name = Debug;
		};
		E96CB1762A7EB12300C4FEDD /* Release */ = {
			isa = XCBuildConfiguration;
			buildSettings = {
				ASSETCATALOG_COMPILER_APPICON_NAME = AppIcon;
				ASSETCATALOG_COMPILER_GLOBAL_ACCENT_COLOR_NAME = AccentColor;
				CODE_SIGN_STYLE = Automatic;
				CURRENT_PROJECT_VERSION = 1;
				DEVELOPMENT_TEAM = Z4JT48W22P;
				GENERATE_INFOPLIST_FILE = YES;
				INFOPLIST_FILE = UrlHW/Info.plist;
				INFOPLIST_KEY_UIApplicationSupportsIndirectInputEvents = YES;
				INFOPLIST_KEY_UILaunchStoryboardName = LaunchScreen;
				INFOPLIST_KEY_UIMainStoryboardFile = Main;
				INFOPLIST_KEY_UISupportedInterfaceOrientations = UIInterfaceOrientationPortrait;
				INFOPLIST_KEY_UISupportedInterfaceOrientations_iPad = "UIInterfaceOrientationLandscapeLeft UIInterfaceOrientationLandscapeRight UIInterfaceOrientationPortrait UIInterfaceOrientationPortraitUpsideDown";
				IPHONEOS_DEPLOYMENT_TARGET = 15.0;
				LD_RUNPATH_SEARCH_PATHS = (
					"$(inherited)",
					"@executable_path/Frameworks",
				);
				MARKETING_VERSION = 1.0;
				PRODUCT_BUNDLE_IDENTIFIER = TheGoodTheBadTheJun.UrlHW;
				PRODUCT_NAME = "$(TARGET_NAME)";
				SUPPORTED_PLATFORMS = "iphoneos iphonesimulator";
				SUPPORTS_MACCATALYST = NO;
				SUPPORTS_MAC_DESIGNED_FOR_IPHONE_IPAD = NO;
				SWIFT_EMIT_LOC_STRINGS = YES;
				SWIFT_VERSION = 5.0;
				TARGETED_DEVICE_FAMILY = 1;
			};
			name = Release;
		};
/* End XCBuildConfiguration section */

/* Begin XCConfigurationList section */
		E96CB1582A7EB12100C4FEDD /* Build configuration list for PBXProject "UrlHW" */ = {
			isa = XCConfigurationList;
			buildConfigurations = (
				E96CB1722A7EB12300C4FEDD /* Debug */,
				E96CB1732A7EB12300C4FEDD /* Release */,
			);
			defaultConfigurationIsVisible = 0;
			defaultConfigurationName = Release;
		};
		E96CB1742A7EB12300C4FEDD /* Build configuration list for PBXNativeTarget "UrlHW" */ = {
			isa = XCConfigurationList;
			buildConfigurations = (
				E96CB1752A7EB12300C4FEDD /* Debug */,
				E96CB1762A7EB12300C4FEDD /* Release */,
			);
			defaultConfigurationIsVisible = 0;
			defaultConfigurationName = Release;
		};
/* End XCConfigurationList section */

/* Begin XCVersionGroup section */
		E96CB1692A7EB12200C4FEDD /* UrlHW.xcdatamodeld */ = {
			isa = XCVersionGroup;
			children = (
				E96CB16A2A7EB12200C4FEDD /* UrlHW.xcdatamodel */,
			);
			currentVersion = E96CB16A2A7EB12200C4FEDD /* UrlHW.xcdatamodel */;
			path = UrlHW.xcdatamodeld;
			sourceTree = "<group>";
			versionGroupType = wrapper.xcdatamodel;
		};
/* End XCVersionGroup section */
	};
	rootObject = E96CB1552A7EB12100C4FEDD /* Project object */;
}
